
Microsoft Visual Studio Solution File, Format Version 12.00
# Visual Studio Version 17
VisualStudioVersion = 17.6.33801.468
MinimumVisualStudioVersion = 10.0.40219.1
Project("{FAE04EC0-301F-11D3-BF4B-00C04F79EFBC}") = "Abstractions", "..\Abstractions\Abstractions.csproj", "{F55CAAC9-C20F-4DED-903E-48237C6325B9}"
EndProject
Project("{FAE04EC0-301F-11D3-BF4B-00C04F79EFBC}") = "ContactManagerConsole", "..\ContactManagerConsole\ContactManagerConsole.csproj", "{39938EBF-3D19-4F68-87EF-A7B16C9DDC15}"
EndProject
Project("{FAE04EC0-301F-11D3-BF4B-00C04F79EFBC}") = "ContactStorageDiskService", "..\ContactStorageDiskService\ContactStorageDiskService.csproj", "{04F6E43D-CC1D-4670-86FE-E65353EFEF77}"
EndProject
Project("{FAE04EC0-301F-11D3-BF4B-00C04F79EFBC}") = "ContactStore", "..\ContactStore\ContactStore.csproj", "{5F870805-BEE3-42E4-B2B8-DF8761F0147B}"
EndProject
Global
	GlobalSection(SolutionConfigurationPlatforms) = preSolution
		Debug|Any CPU = Debug|Any CPU
		Release|Any CPU = Release|Any CPU
	EndGlobalSection
	GlobalSection(ProjectConfigurationPlatforms) = postSolution
		{F55CAAC9-C20F-4DED-903E-48237C6325B9}.Debug|Any CPU.ActiveCfg = Debug|Any CPU
		{F55CAAC9-C20F-4DED-903E-48237C6325B9}.Debug|Any CPU.Build.0 = Debug|Any CPU
		{F55CAAC9-C20F-4DED-903E-48237C6325B9}.Release|Any CPU.ActiveCfg = Release|Any CPU
		{F55CAAC9-C20F-4DED-903E-48237C6325B9}.Release|Any CPU.Build.0 = Release|Any CPU
		{39938EBF-3D19-4F68-87EF-A7B16C9DDC15}.Debug|Any CPU.ActiveCfg = Debug|Any CPU
		{39938EBF-3D19-4F68-87EF-A7B16C9DDC15}.Debug|Any CPU.Build.0 = Debug|Any CPU
		{39938EBF-3D19-4F68-87EF-A7B16C9DDC15}.Release|Any CPU.ActiveCfg = Release|Any CPU
		{39938EBF-3D19-4F68-87EF-A7B16C9DDC15}.Release|Any CPU.Build.0 = Release|Any CPU
		{04F6E43D-CC1D-4670-86FE-E65353EFEF77}.Debug|Any CPU.ActiveCfg = Debug|Any CPU
		{04F6E43D-CC1D-4670-86FE-E65353EFEF77}.Debug|Any CPU.Build.0 = Debug|Any CPU
		{04F6E43D-CC1D-4670-86FE-E65353EFEF77}.Release|Any CPU.ActiveCfg = Release|Any CPU
		{04F6E43D-CC1D-4670-86FE-E65353EFEF77}.Release|Any CPU.Build.0 = Release|Any CPU
		{5F870805-BEE3-42E4-B2B8-DF8761F0147B}.Debug|Any CPU.ActiveCfg = Debug|Any CPU
		{5F870805-BEE3-42E4-B2B8-DF8761F0147B}.Debug|Any CPU.Build.0 = Debug|Any CPU
		{5F870805-BEE3-42E4-B2B8-DF8761F0147B}.Release|Any CPU.ActiveCfg = Release|Any CPU
		{5F870805-BEE3-42E4-B2B8-DF8761F0147B}.Release|Any CPU.Build.0 = Release|Any CPU
	EndGlobalSection
	GlobalSection(SolutionProperties) = preSolution
		HideSolutionNode = FALSE
	EndGlobalSection
	GlobalSection(ExtensibilityGlobals) = postSolution
		SolutionGuid = {688C77D9-3833-4124-B834-B01ADF0FE1E2}
	EndGlobalSection
EndGlobal
