
Microsoft Visual Studio Solution File, Format Version 12.00
# Visual Studio Version 17
VisualStudioVersion = 17.5.33530.505
MinimumVisualStudioVersion = 10.0.40219.1
Project("{FAE04EC0-301F-11D3-BF4B-00C04F79EFBC}") = "clinsrvrwk1", "clinsrvrwk1\clinsrvrwk1.csproj", "{4FD03EC7-DCB0-44FE-8D2F-CB523ECE5466}"
EndProject
Global
	GlobalSection(SolutionConfigurationPlatforms) = preSolution
		Debug|Any CPU = Debug|Any CPU
		Release|Any CPU = Release|Any CPU
	EndGlobalSection
	GlobalSection(ProjectConfigurationPlatforms) = postSolution
		{4FD03EC7-DCB0-44FE-8D2F-CB523ECE5466}.Debug|Any CPU.ActiveCfg = Debug|Any CPU
		{4FD03EC7-DCB0-44FE-8D2F-CB523ECE5466}.Debug|Any CPU.Build.0 = Debug|Any CPU
		{4FD03EC7-DCB0-44FE-8D2F-CB523ECE5466}.Release|Any CPU.ActiveCfg = Release|Any CPU
		{4FD03EC7-DCB0-44FE-8D2F-CB523ECE5466}.Release|Any CPU.Build.0 = Release|Any CPU
	EndGlobalSection
	GlobalSection(SolutionProperties) = preSolution
		HideSolutionNode = FALSE
	EndGlobalSection
	GlobalSection(ExtensibilityGlobals) = postSolution
		SolutionGuid = {C1D6D361-8DCE-42DF-A965-5D10C7388AE9}
	EndGlobalSection
EndGlobal
