
Microsoft Visual Studio Solution File, Format Version 12.00
# Visual Studio Version 17
VisualStudioVersion = 17.5.33627.172
MinimumVisualStudioVersion = 10.0.40219.1
Project("{FAE04EC0-301F-11D3-BF4B-00C04F79EFBC}") = "assignment6", "assignment6.csproj", "{C02BAEA6-7668-4546-BFE7-FC7298E0CF5E}"
EndProject
Global
	GlobalSection(SolutionConfigurationPlatforms) = preSolution
		Debug|Any CPU = Debug|Any CPU
		Release|Any CPU = Release|Any CPU
	EndGlobalSection
	GlobalSection(ProjectConfigurationPlatforms) = postSolution
		{C02BAEA6-7668-4546-BFE7-FC7298E0CF5E}.Debug|Any CPU.ActiveCfg = Debug|Any CPU
		{C02BAEA6-7668-4546-BFE7-FC7298E0CF5E}.Debug|Any CPU.Build.0 = Debug|Any CPU
		{C02BAEA6-7668-4546-BFE7-FC7298E0CF5E}.Release|Any CPU.ActiveCfg = Release|Any CPU
		{C02BAEA6-7668-4546-BFE7-FC7298E0CF5E}.Release|Any CPU.Build.0 = Release|Any CPU
	EndGlobalSection
	GlobalSection(SolutionProperties) = preSolution
		HideSolutionNode = FALSE
	EndGlobalSection
	GlobalSection(ExtensibilityGlobals) = postSolution
		SolutionGuid = {69B7E265-F7D6-434F-97F2-75092191B74D}
	EndGlobalSection
EndGlobal
